
Microsoft Visual Studio Solution File, Format Version 12.00
# Visual Studio Version 16
VisualStudioVersion = 16.0.31205.134
MinimumVisualStudioVersion = 10.0.40219.1
Project("{FAE04EC0-301F-11D3-BF4B-00C04F79EFBC}") = "ExPayPolimorfism", "ExPayPolimorfism\ExPayPolimorfism.csproj", "{EA2F344F-DFA1-4BA4-94C1-CA630173AA1D}"
EndProject
Global
	GlobalSection(SolutionConfigurationPlatforms) = preSolution
		Debug|Any CPU = Debug|Any CPU
		Release|Any CPU = Release|Any CPU
	EndGlobalSection
	GlobalSection(ProjectConfigurationPlatforms) = postSolution
		{EA2F344F-DFA1-4BA4-94C1-CA630173AA1D}.Debug|Any CPU.ActiveCfg = Debug|Any CPU
		{EA2F344F-DFA1-4BA4-94C1-CA630173AA1D}.Debug|Any CPU.Build.0 = Debug|Any CPU
		{EA2F344F-DFA1-4BA4-94C1-CA630173AA1D}.Release|Any CPU.ActiveCfg = Release|Any CPU
		{EA2F344F-DFA1-4BA4-94C1-CA630173AA1D}.Release|Any CPU.Build.0 = Release|Any CPU
	EndGlobalSection
	GlobalSection(SolutionProperties) = preSolution
		HideSolutionNode = FALSE
	EndGlobalSection
	GlobalSection(ExtensibilityGlobals) = postSolution
		SolutionGuid = {0BD15DE0-82B5-4939-A7E3-50F2DEB42A96}
	EndGlobalSection
EndGlobal
